Microsoft Visual Studio Solution File, Format Version 11.00
# Visual Studio 2010
Project("{F184B08F-C81C-45F6-A57F-5ABD9991F28F}") = "E4485.Module", "E4485.Module\E4485.Module.vbproj", "{8BBF063B-A215-4AAE-8529-0C87008C8E6D}"
EndProject
Project("{F184B08F-C81C-45F6-A57F-5ABD9991F28F}") = "E4485.Win", "E4485.Win\E4485.Win.vbproj", "{217522FA-A677-4AC7-98D0-591D252785CE}"
EndProject
Global
	GlobalSection(SolutionConfigurationPlatforms) = preSolution
		Debug|Any CPU = Debug|Any CPU
		EasyTest|Any CPU = EasyTest|Any CPU
		Release|Any CPU = Release|Any CPU
	EndGlobalSection
	GlobalSection(ProjectConfigurationPlatforms) = postSolution
		{8BBF063B-A215-4AAE-8529-0C87008C8E6D}.Debug|Any CPU.ActiveCfg = Debug|Any CPU
		{8BBF063B-A215-4AAE-8529-0C87008C8E6D}.Debug|Any CPU.Build.0 = Debug|Any CPU
		{8BBF063B-A215-4AAE-8529-0C87008C8E6D}.EasyTest|Any CPU.ActiveCfg = EasyTest|Any CPU
		{8BBF063B-A215-4AAE-8529-0C87008C8E6D}.EasyTest|Any CPU.Build.0 = EasyTest|Any CPU
		{8BBF063B-A215-4AAE-8529-0C87008C8E6D}.Release|Any CPU.ActiveCfg = Release|Any CPU
		{8BBF063B-A215-4AAE-8529-0C87008C8E6D}.Release|Any CPU.Build.0 = Release|Any CPU
		{217522FA-A677-4AC7-98D0-591D252785CE}.Debug|Any CPU.ActiveCfg = Debug|Any CPU
		{217522FA-A677-4AC7-98D0-591D252785CE}.Debug|Any CPU.Build.0 = Debug|Any CPU
		{217522FA-A677-4AC7-98D0-591D252785CE}.EasyTest|Any CPU.ActiveCfg = EasyTest|Any CPU
		{217522FA-A677-4AC7-98D0-591D252785CE}.EasyTest|Any CPU.Build.0 = EasyTest|Any CPU
		{217522FA-A677-4AC7-98D0-591D252785CE}.Release|Any CPU.ActiveCfg = Release|Any CPU
		{217522FA-A677-4AC7-98D0-591D252785CE}.Release|Any CPU.Build.0 = Release|Any CPU
	EndGlobalSection
	GlobalSection(SolutionProperties) = preSolution
		HideSolutionNode = FALSE
	EndGlobalSection
EndGlobal
